// !$*UTF8*$!
{
	archiveVersion = 1;
	classes = {
	};
	objectVersion = 46;
	objects = {

/* Begin PBXBuildFile section */
		12A30BDF1F21BA1A00EB1C95 /* AppDelegate.swift in Sources */ = {isa = PBXBuildFile; fileRef = 12A30BDE1F21BA1A00EB1C95 /* AppDelegate.swift */; };
		12A30BE11F21BA1A00EB1C95 /* ViewController.swift in Sources */ = {isa = PBXBuildFile; fileRef = 12A30BE01F21BA1A00EB1C95 /* ViewController.swift */; };
		12A30BE41F21BA1A00EB1C95 /* Main.storyboard in Resources */ = {isa = PBXBuildFile; fileRef = 12A30BE21F21BA1A00EB1C95 /* Main.storyboard */; };
		12A30BE71F21BA1A00EB1C95 /* Exam1.xcdatamodeld in Sources */ = {isa = PBXBuildFile; fileRef = 12A30BE51F21BA1A00EB1C95 /* Exam1.xcdatamodeld */; };
		12A30BE91F21BA1A00EB1C95 /* Assets.xcassets in Resources */ = {isa = PBXBuildFile; fileRef = 12A30BE81F21BA1A00EB1C95 /* Assets.xcassets */; };
		12A30BEC1F21BA1A00EB1C95 /* LaunchScreen.storyboard in Resources */ = {isa = PBXBuildFile; fileRef = 12A30BEA1F21BA1A00EB1C95 /* LaunchScreen.storyboard */; };
/* End PBXBuildFile section */

/* Begin PBXFileReference section */
		12A30BDB1F21BA1A00EB1C95 /* Exam1.app */ = {isa = PBXFileReference; explicitFileType = wrapper.application; includeInIndex = 0; path = Exam1.app; sourceTree = BUILT_PRODUCTS_DIR; };
		12A30BDE1F21BA1A00EB1C95 /* AppDelegate.swift */ = {isa = PBXFileReference; lastKnownFileType = sourcecode.swift; path = AppDelegate.swift; sourceTree = "<group>"; };
		12A30BE01F21BA1A00EB1C95 /* ViewController.swift */ = {isa = PBXFileReference; lastKnownFileType = sourcecode.swift; path = ViewController.swift; sourceTree = "<group>"; };
		12A30BE31F21BA1A00EB1C95 /* Base */ = {isa = PBXFileReference; lastKnownFileType = file.storyboard; name = Base; path = Base.lproj/Main.storyboard; sourceTree = "<group>"; };
		12A30BE61F21BA1A00EB1C95 /* Exam1.xcdatamodel */ = {isa = PBXFileReference; lastKnownFileType = wrapper.xcdatamodel; path = Exam1.xcdatamodel; sourceTree = "<group>"; };
		12A30BE81F21BA1A00EB1C95 /* Assets.xcassets */ = {isa = PBXFileReference; lastKnownFileType = folder.assetcatalog; path = Assets.xcassets; sourceTree = "<group>"; };
		12A30BEB1F21BA1A00EB1C95 /* Base */ = {isa = PBXFileReference; lastKnownFileType = file.storyboard; name = Base; path = Base.lproj/LaunchScreen.storyboard; sourceTree = "<group>"; };
		12A30BED1F21BA1A00EB1C95 /* Info.plist */ = {isa = PBXFileReference; lastKnownFileType = text.plist.xml; path = Info.plist; sourceTree = "<group>"; };
/* End PBXFileReference section */

/* Begin PBXFrameworksBuildPhase section */
		12A30BD81F21BA1A00EB1C95 /* Frameworks */ = {
			isa = PBXFrameworksBuildPhase;
			buildActionMask = 2147483647;
			files = (
			);
			runOnlyForDeploymentPostprocessing = 0;
		};
/* End PBXFrameworksBuildPhase section */

/* Begin PBXGroup section */
		12A30BD21F21BA1A00EB1C95 = {
			isa = PBXGroup;
			children = (
				12A30BDD1F21BA1A00EB1C95 /* Exam1 */,
				12A30BDC1F21BA1A00EB1C95 /* Products */,
			);
			sourceTree = "<group>";
		};
		12A30BDC1F21BA1A00EB1C95 /* Products */ = {
			isa = PBXGroup;
			children = (
				12A30BDB1F21BA1A00EB1C95 /* Exam1.app */,
			);
			name = Products;
			sourceTree = "<group>";
		};
		12A30BDD1F21BA1A00EB1C95 /* Exam1 */ = {
			isa = PBXGroup;
			children = (
				12A30BDE1F21BA1A00EB1C95 /* AppDelegate.swift */,
				12A30BE01F21BA1A00EB1C95 /* ViewController.swift */,
				12A30BE21F21BA1A00EB1C95 /* Main.storyboard */,
				12A30BE81F21BA1A00EB1C95 /* Assets.xcassets */,
				12A30BEA1F21BA1A00EB1C95 /* LaunchScreen.storyboard */,
				12A30BED1F21BA1A00EB1C95 /* Info.plist */,
				12A30BE51F21BA1A00EB1C95 /* Exam1.xcdatamodeld */,
			);
			path = Exam1;
			sourceTree = "<group>";
		};
/* End PBXGroup section */

/* Begin PBXNativeTarget section */
		12A30BDA1F21BA1A00EB1C95 /* Exam1 */ = {
			isa = PBXNativeTarget;
			buildConfigurationList = 12A30BF01F21BA1A00EB1C95 /* Build configuration list for PBXNativeTarget "Exam1" */;
			buildPhases = (
				12A30BD71F21BA1A00EB1C95 /* Sources */,
				12A30BD81F21BA1A00EB1C95 /* Frameworks */,
				12A30BD91F21BA1A00EB1C95 /* Resources */,
			);
			buildRules = (
			);
			dependencies = (
			);
			name = Exam1;
			productName = Exam1;
			productReference = 12A30BDB1F21BA1A00EB1C95 /* Exam1.app */;
			productType = "com.apple.product-type.application";
		};
/* End PBXNativeTarget section */

/* Begin PBXProject section */
		12A30BD31F21BA1A00EB1C95 /* Project object */ = {
			isa = PBXProject;
			attributes = {
				LastSwiftUpdateCheck = 0830;
				LastUpgradeCheck = 0830;
				ORGANIZATIONNAME = "戴其安";
				TargetAttributes = {
					12A30BDA1F21BA1A00EB1C95 = {
						CreatedOnToolsVersion = 8.3.2;
						DevelopmentTeam = Q7N8D3YCYC;
						ProvisioningStyle = Automatic;
					};
				};
			};
			buildConfigurationList = 12A30BD61F21BA1A00EB1C95 /* Build configuration list for PBXProject "Exam1" */;
			compatibilityVersion = "Xcode 3.2";
			developmentRegion = English;
			hasScannedForEncodings = 0;
			knownRegions = (
				en,
				Base,
			);
			mainGroup = 12A30BD21F21BA1A00EB1C95;
			productRefGroup = 12A30BDC1F21BA1A00EB1C95 /* Products */;
			projectDirPath = "";
			projectRoot = "";
			targets = (
				12A30BDA1F21BA1A00EB1C95 /* Exam1 */,
			);
		};
/* End PBXProject section */

/* Begin PBXResourcesBuildPhase section */
		12A30BD91F21BA1A00EB1C95 /* Resources */ = {
			isa = PBXResourcesBuildPhase;
			buildActionMask = 2147483647;
			files = (
				12A30BEC1F21BA1A00EB1C95 /* LaunchScreen.storyboard in Resources */,
				12A30BE91F21BA1A00EB1C95 /* Assets.xcassets in Resources */,
				12A30BE41F21BA1A00EB1C95 /* Main.storyboard in Resources */,
			);
			runOnlyForDeploymentPostprocessing = 0;
		};
/* End PBXResourcesBuildPhase section */

/* Begin PBXSourcesBuildPhase section */
		12A30BD71F21BA1A00EB1C95 /* Sources */ = {
			isa = PBXSourcesBuildPhase;
			buildActionMask = 2147483647;
			files = (
				12A30BE71F21BA1A00EB1C95 /* Exam1.xcdatamodeld in Sources */,
				12A30BE11F21BA1A00EB1C95 /* ViewController.swift in Sources */,
				12A30BDF1F21BA1A00EB1C95 /* AppDelegate.swift in Sources */,
			);
			runOnlyForDeploymentPostprocessing = 0;
		};
/* End PBXSourcesBuildPhase section */

/* Begin PBXVariantGroup section */
		12A30BE21F21BA1A00EB1C95 /* Main.storyboard */ = {
			isa = PBXVariantGroup;
			children = (
				12A30BE31F21BA1A00EB1C95 /* Base */,
			);
			name = Main.storyboard;
			sourceTree = "<group>";
		};
		12A30BEA1F21BA1A00EB1C95 /* LaunchScreen.storyboard */ = {
			isa = PBXVariantGroup;
			children = (
				12A30BEB1F21BA1A00EB1C95 /* Base */,
			);
			name = LaunchScreen.storyboard;
			sourceTree = "<group>";
		};
/* End PBXVariantGroup section */

/* Begin XCBuildConfiguration section */
		12A30BEE1F21BA1A00EB1C95 /* Debug */ = {
			isa = XCBuildConfiguration;
			buildSettings = {
				ALWAYS_SEARCH_USER_PATHS = NO;
				CLANG_ANALYZER_NONNULL = YES;
				CLANG_ANALYZER_NUMBER_OBJECT_CONVERSION = YES_AGGRESSIVE;
				CLANG_CXX_LANGUAGE_STANDARD = "gnu++0x";
				CLANG_CXX_LIBRARY = "libc++";
				CLANG_ENABLE_MODULES = YES;
				CLANG_ENABLE_OBJC_ARC = YES;
				CLANG_WARN_BOOL_CONVERSION = YES;
				CLANG_WARN_CONSTANT_CONVERSION = YES;
				CLANG_WARN_DIRECT_OBJC_ISA_USAGE = YES_ERROR;
				CLANG_WARN_DOCUMENTATION_COMMENTS = YES;
				CLANG_WARN_EMPTY_BODY = YES;
				CLANG_WARN_ENUM_CONVERSION = YES;
				CLANG_WARN_INFINITE_RECURSION = YES;
				CLANG_WARN_INT_CONVERSION = YES;
				CLANG_WARN_OBJC_ROOT_CLASS = YES_ERROR;
				CLANG_WARN_SUSPICIOUS_MOVE = YES;
				CLANG_WARN_UNREACHABLE_CODE = YES;
				CLANG_WARN__DUPLICATE_METHOD_MATCH = YES;
				"CODE_SIGN_IDENTITY[sdk=iphoneos*]" = "iPhone Developer";
				COPY_PHASE_STRIP = NO;
				DEBUG_INFORMATION_FORMAT = dwarf;
				ENABLE_STRICT_OBJC_MSGSEND = YES;
				ENABLE_TESTABILITY = YES;
				GCC_C_LANGUAGE_STANDARD = gnu99;
				GCC_DYNAMIC_NO_PIC = NO;
				GCC_NO_COMMON_BLOCKS = YES;
				GCC_OPTIMIZATION_LEVEL = 0;
				GCC_PREPROCESSOR_DEFINITIONS = (
					"DEBUG=1",
					"$(inherited)",
				);
				GCC_WARN_64_TO_32_BIT_CONVERSION = YES;
				GCC_WARN_ABOUT_RETURN_TYPE = YES_ERROR;
				GCC_WARN_UNDECLARED_SELECTOR = YES;
				GCC_WARN_UNINITIALIZED_AUTOS = YES_AGGRESSIVE;
				GCC_WARN_UNUSED_FUNCTION = YES;
				GCC_WARN_UNUSED_VARIABLE = YES;
				IPHONEOS_DEPLOYMENT_TARGET = 10.3;
				MTL_ENABLE_DEBUG_INFO = YES;
				ONLY_ACTIVE_ARCH = YES;
				SDKROOT = iphoneos;
				SWIFT_ACTIVE_COMPILATION_CONDITIONS = DEBUG;
				SWIFT_OPTIMIZATION_LEVEL = "-Onone";
				TARGETED_DEVICE_FAMILY = "1,2";
			};
			name = Debug;
		};
		12A30BEF1F21BA1A00EB1C95 /* Release */ = {
			isa = XCBuildConfiguration;
			buildSettings = {
				ALWAYS_SEARCH_USER_PATHS = NO;
				CLANG_ANALYZER_NONNULL = YES;
				CLANG_ANALYZER_NUMBER_OBJECT_CONVERSION = YES_AGGRESSIVE;
				CLANG_CXX_LANGUAGE_STANDARD = "gnu++0x";
				CLANG_CXX_LIBRARY = "libc++";
				CLANG_ENABLE_MODULES = YES;
				CLANG_ENABLE_OBJC_ARC = YES;
				CLANG_WARN_BOOL_CONVERSION = YES;
				CLANG_WARN_CONSTANT_CONVERSION = YES;
				CLANG_WARN_DIRECT_OBJC_ISA_USAGE = YES_ERROR;
				CLANG_WARN_DOCUMENTATION_COMMENTS = YES;
				CLANG_WARN_EMPTY_BODY = YES;
				CLANG_WARN_ENUM_CONVERSION = YES;
				CLANG_WARN_INFINITE_RECURSION = YES;
				CLANG_WARN_INT_CONVERSION = YES;
				CLANG_WARN_OBJC_ROOT_CLASS = YES_ERROR;
				CLANG_WARN_SUSPICIOUS_MOVE = YES;
				CLANG_WARN_UNREACHABLE_CODE = YES;
				CLANG_WARN__DUPLICATE_METHOD_MATCH = YES;
				"CODE_SIGN_IDENTITY[sdk=iphoneos*]" = "iPhone Developer";
				COPY_PHASE_STRIP = NO;
				DEBUG_INFORMATION_FORMAT = "dwarf-with-dsym";
				ENABLE_NS_ASSERTIONS = NO;
				ENABLE_STRICT_OBJC_MSGSEND = YES;
				GCC_C_LANGUAGE_STANDARD = gnu99;
				GCC_NO_COMMON_BLOCKS = YES;
				GCC_WARN_64_TO_32_BIT_CONVERSION = YES;
				GCC_WARN_ABOUT_RETURN_TYPE = YES_ERROR;
				GCC_WARN_UNDECLARED_SELECTOR = YES;
				GCC_WARN_UNINITIALIZED_AUTOS = YES_AGGRESSIVE;
				GCC_WARN_UNUSED_FUNCTION = YES;
				GCC_WARN_UNUSED_VARIABLE = YES;
				IPHONEOS_DEPLOYMENT_TARGET = 10.3;
				MTL_ENABLE_DEBUG_INFO = NO;
				SDKROOT = iphoneos;
				SWIFT_OPTIMIZATION_LEVEL = "-Owholemodule";
				TARGETED_DEVICE_FAMILY = "1,2";
				VALIDATE_PRODUCT = YES;
			};
			name = Release;
		};
		12A30BF11F21BA1A00EB1C95 /* Debug */ = {
			isa = XCBuildConfiguration;
			buildSettings = {
				ASSETCATALOG_COMPILER_APPICON_NAME = AppIcon;
				DEVELOPMENT_TEAM = Q7N8D3YCYC;
				INFOPLIST_FILE = Exam1/Info.plist;
				LD_RUNPATH_SEARCH_PATHS = "$(inherited) @executable_path/Frameworks";
				PRODUCT_BUNDLE_IDENTIFIER = AppWorksSchool.Exam1;
				PRODUCT_NAME = "$(TARGET_NAME)";
				SWIFT_VERSION = 3.0;
			};
			name = Debug;
		};
		12A30BF21F21BA1A00EB1C95 /* Release */ = {
			isa = XCBuildConfiguration;
			buildSettings = {
				ASSETCATALOG_COMPILER_APPICON_NAME = AppIcon;
				DEVELOPMENT_TEAM = Q7N8D3YCYC;
				INFOPLIST_FILE = Exam1/Info.plist;
				LD_RUNPATH_SEARCH_PATHS = "$(inherited) @executable_path/Frameworks";
				PRODUCT_BUNDLE_IDENTIFIER = AppWorksSchool.Exam1;
				PRODUCT_NAME = "$(TARGET_NAME)";
				SWIFT_VERSION = 3.0;
			};
			name = Release;
		};
/* End XCBuildConfiguration section */

/* Begin XCConfigurationList section */
		12A30BD61F21BA1A00EB1C95 /* Build configuration list for PBXProject "Exam1" */ = {
			isa = XCConfigurationList;
			buildConfigurations = (
				12A30BEE1F21BA1A00EB1C95 /* Debug */,
				12A30BEF1F21BA1A00EB1C95 /* Release */,
			);
			defaultConfigurationIsVisible = 0;
			defaultConfigurationName = Release;
		};
		12A30BF01F21BA1A00EB1C95 /* Build configuration list for PBXNativeTarget "Exam1" */ = {
			isa = XCConfigurationList;
			buildConfigurations = (
				12A30BF11F21BA1A00EB1C95 /* Debug */,
				12A30BF21F21BA1A00EB1C95 /* Release */,
			);
			defaultConfigurationIsVisible = 0;
		};
/* End XCConfigurationList section */

/* Begin XCVersionGroup section */
		12A30BE51F21BA1A00EB1C95 /* Exam1.xcdatamodeld */ = {
			isa = XCVersionGroup;
			children = (
				12A30BE61F21BA1A00EB1C95 /* Exam1.xcdatamodel */,
			);
			currentVersion = 12A30BE61F21BA1A00EB1C95 /* Exam1.xcdatamodel */;
			path = Exam1.xcdatamodeld;
			sourceTree = "<group>";
			versionGroupType = wrapper.xcdatamodel;
		};
/* End XCVersionGroup section */
	};
	rootObject = 12A30BD31F21BA1A00EB1C95 /* Project object */;
}
